
Microsoft Visual Studio Solution File, Format Version 12.00
# Visual Studio Version 16
VisualStudioVersion = 16.0.29306.81
MinimumVisualStudioVersion = 10.0.40219.1
Project("{FAE04EC0-301F-11D3-BF4B-00C04F79EFBC}") = "AngNet002", "AngNet002\AngNet002.csproj", "{9CF25C29-1ABB-485B-9693-A1E177DA9E87}"
EndProject
Global
	GlobalSection(SolutionConfigurationPlatforms) = preSolution
		Debug|Any CPU = Debug|Any CPU
		Release|Any CPU = Release|Any CPU
	EndGlobalSection
	GlobalSection(ProjectConfigurationPlatforms) = postSolution
		{9CF25C29-1ABB-485B-9693-A1E177DA9E87}.Debug|Any CPU.ActiveCfg = Debug|Any CPU
		{9CF25C29-1ABB-485B-9693-A1E177DA9E87}.Debug|Any CPU.Build.0 = Debug|Any CPU
		{9CF25C29-1ABB-485B-9693-A1E177DA9E87}.Release|Any CPU.ActiveCfg = Release|Any CPU
		{9CF25C29-1ABB-485B-9693-A1E177DA9E87}.Release|Any CPU.Build.0 = Release|Any CPU
	EndGlobalSection
	GlobalSection(SolutionProperties) = preSolution
		HideSolutionNode = FALSE
	EndGlobalSection
	GlobalSection(ExtensibilityGlobals) = postSolution
		SolutionGuid = {EB96EA85-3027-47BF-9326-A615246C1FFD}
	EndGlobalSection
EndGlobal
